
Microsoft Visual Studio Solution File, Format Version 12.00
# Visual Studio Version 17
VisualStudioVersion = 17.6.33723.286
MinimumVisualStudioVersion = 10.0.40219.1
Project("{FAE04EC0-301F-11D3-BF4B-00C04F79EFBC}") = "Escalonador_UVA", "Escalonador_UVA.csproj", "{DF4E0CE0-5D70-48DA-B942-5AFDDE79C9C0}"
EndProject
Global
	GlobalSection(SolutionConfigurationPlatforms) = preSolution
		Debug|Any CPU = Debug|Any CPU
		Release|Any CPU = Release|Any CPU
	EndGlobalSection
	GlobalSection(ProjectConfigurationPlatforms) = postSolution
		{DF4E0CE0-5D70-48DA-B942-5AFDDE79C9C0}.Debug|Any CPU.ActiveCfg = Debug|Any CPU
		{DF4E0CE0-5D70-48DA-B942-5AFDDE79C9C0}.Debug|Any CPU.Build.0 = Debug|Any CPU
		{DF4E0CE0-5D70-48DA-B942-5AFDDE79C9C0}.Release|Any CPU.ActiveCfg = Release|Any CPU
		{DF4E0CE0-5D70-48DA-B942-5AFDDE79C9C0}.Release|Any CPU.Build.0 = Release|Any CPU
	EndGlobalSection
	GlobalSection(SolutionProperties) = preSolution
		HideSolutionNode = FALSE
	EndGlobalSection
	GlobalSection(ExtensibilityGlobals) = postSolution
		SolutionGuid = {F4EF5E2D-BFDA-4E22-97A3-FAF2DF0E0988}
	EndGlobalSection
EndGlobal
